github.com/MattSScott/basePlatformSOMAS/v2 v2.1.0 h1:VajDTjo0rqcZbTcuq5zICNqG6nQsvC0PszDEnaZ0Omg=
github.com/MattSScott/basePlatformSOMAS/v2 v2.1.0/go.mod h1:U3HB8aYWfq+1xo1eHQhZz6yzY4kCTssrf2oDI0VvOY4=
github.com/google/uuid v1.3.0 h1:t6JiXgmwXMjEs8VusXIJk2BXHsn+wx8BZdTaoZ5fu7I=
github.com/google/uuid v1.3.0/go.mod h1:TIyPZe4MgqvfeYDBFedMoGGpEw/LqOeaOT+nhxU+yHo=
